
Microsoft Visual Studio Solution File, Format Version 12.00
# Visual Studio Version 17
VisualStudioVersion = 17.12.35527.113
MinimumVisualStudioVersion = 10.0.40219.1
Project("{FAE04EC0-301F-11D3-BF4B-00C04F79EFBC}") = "Api", "Api\Api.csproj", "{66CE8159-0CD6-443D-B03A-5C092700FB3B}"
EndProject
Project("{FAE04EC0-301F-11D3-BF4B-00C04F79EFBC}") = "Domain", "Domain\Domain.csproj", "{C64E29AE-E9EC-4EEF-A2C7-320BE538DF17}"
EndProject
Project("{FAE04EC0-301F-11D3-BF4B-00C04F79EFBC}") = "Application", "Application\Application.csproj", "{21160566-73F2-4F35-A44F-530128435A4D}"
EndProject
Project("{FAE04EC0-301F-11D3-BF4B-00C04F79EFBC}") = "Infrastructure", "Infrastructure\Infrastructure.csproj", "{9708E61A-1BDE-4B54-8E1F-589808DA3C90}"
EndProject
Project("{FAE04EC0-301F-11D3-BF4B-00C04F79EFBC}") = "Client", "Client\Client.csproj", "{999F360D-5DF8-4F63-BBD9-338852625002}"
EndProject
Project("{FAE04EC0-301F-11D3-BF4B-00C04F79EFBC}") = "Api.Tests", "Api.Tests\Api.Tests.csproj", "{960DEA73-B3B7-4360-A7A7-1838CD440460}"
EndProject
Global
	GlobalSection(SolutionConfigurationPlatforms) = preSolution
		Debug|Any CPU = Debug|Any CPU
		Release|Any CPU = Release|Any CPU
	EndGlobalSection
	GlobalSection(ProjectConfigurationPlatforms) = postSolution
		{66CE8159-0CD6-443D-B03A-5C092700FB3B}.Debug|Any CPU.ActiveCfg = Debug|Any CPU
		{66CE8159-0CD6-443D-B03A-5C092700FB3B}.Debug|Any CPU.Build.0 = Debug|Any CPU
		{66CE8159-0CD6-443D-B03A-5C092700FB3B}.Release|Any CPU.ActiveCfg = Release|Any CPU
		{66CE8159-0CD6-443D-B03A-5C092700FB3B}.Release|Any CPU.Build.0 = Release|Any CPU
		{C64E29AE-E9EC-4EEF-A2C7-320BE538DF17}.Debug|Any CPU.ActiveCfg = Debug|Any CPU
		{C64E29AE-E9EC-4EEF-A2C7-320BE538DF17}.Debug|Any CPU.Build.0 = Debug|Any CPU
		{C64E29AE-E9EC-4EEF-A2C7-320BE538DF17}.Release|Any CPU.ActiveCfg = Release|Any CPU
		{C64E29AE-E9EC-4EEF-A2C7-320BE538DF17}.Release|Any CPU.Build.0 = Release|Any CPU
		{21160566-73F2-4F35-A44F-530128435A4D}.Debug|Any CPU.ActiveCfg = Debug|Any CPU
		{21160566-73F2-4F35-A44F-530128435A4D}.Debug|Any CPU.Build.0 = Debug|Any CPU
		{21160566-73F2-4F35-A44F-530128435A4D}.Release|Any CPU.ActiveCfg = Release|Any CPU
		{21160566-73F2-4F35-A44F-530128435A4D}.Release|Any CPU.Build.0 = Release|Any CPU
		{9708E61A-1BDE-4B54-8E1F-589808DA3C90}.Debug|Any CPU.ActiveCfg = Debug|Any CPU
		{9708E61A-1BDE-4B54-8E1F-589808DA3C90}.Debug|Any CPU.Build.0 = Debug|Any CPU
		{9708E61A-1BDE-4B54-8E1F-589808DA3C90}.Release|Any CPU.ActiveCfg = Release|Any CPU
		{9708E61A-1BDE-4B54-8E1F-589808DA3C90}.Release|Any CPU.Build.0 = Release|Any CPU
		{999F360D-5DF8-4F63-BBD9-338852625002}.Debug|Any CPU.ActiveCfg = Debug|Any CPU
		{999F360D-5DF8-4F63-BBD9-338852625002}.Debug|Any CPU.Build.0 = Debug|Any CPU
		{999F360D-5DF8-4F63-BBD9-338852625002}.Release|Any CPU.ActiveCfg = Release|Any CPU
		{999F360D-5DF8-4F63-BBD9-338852625002}.Release|Any CPU.Build.0 = Release|Any CPU
		{960DEA73-B3B7-4360-A7A7-1838CD440460}.Debug|Any CPU.ActiveCfg = Debug|Any CPU
		{960DEA73-B3B7-4360-A7A7-1838CD440460}.Debug|Any CPU.Build.0 = Debug|Any CPU
		{960DEA73-B3B7-4360-A7A7-1838CD440460}.Release|Any CPU.ActiveCfg = Release|Any CPU
		{960DEA73-B3B7-4360-A7A7-1838CD440460}.Release|Any CPU.Build.0 = Release|Any CPU
	EndGlobalSection
	GlobalSection(SolutionProperties) = preSolution
		HideSolutionNode = FALSE
	EndGlobalSection
EndGlobal
